
Microsoft Visual Studio Solution File, Format Version 12.00
# Visual Studio Version 17
VisualStudioVersion = 17.6.33815.320
MinimumVisualStudioVersion = 10.0.40219.1
Project("{FAE04EC0-301F-11D3-BF4B-00C04F79EFBC}") = "Djalma", "Djalma\Djalma.csproj", "{1C689961-B8B4-41B5-8DCA-B3A88EA73042}"
EndProject
Global
	GlobalSection(SolutionConfigurationPlatforms) = preSolution
		Debug|Any CPU = Debug|Any CPU
		Release|Any CPU = Release|Any CPU
	EndGlobalSection
	GlobalSection(ProjectConfigurationPlatforms) = postSolution
		{1C689961-B8B4-41B5-8DCA-B3A88EA73042}.Debug|Any CPU.ActiveCfg = Debug|Any CPU
		{1C689961-B8B4-41B5-8DCA-B3A88EA73042}.Debug|Any CPU.Build.0 = Debug|Any CPU
		{1C689961-B8B4-41B5-8DCA-B3A88EA73042}.Release|Any CPU.ActiveCfg = Release|Any CPU
		{1C689961-B8B4-41B5-8DCA-B3A88EA73042}.Release|Any CPU.Build.0 = Release|Any CPU
	EndGlobalSection
	GlobalSection(SolutionProperties) = preSolution
		HideSolutionNode = FALSE
	EndGlobalSection
	GlobalSection(ExtensibilityGlobals) = postSolution
		SolutionGuid = {1728B280-4AC9-4C67-8522-5255B3967EB7}
	EndGlobalSection
EndGlobal
